
Microsoft Visual Studio Solution File, Format Version 12.00
# Visual Studio Version 17
VisualStudioVersion = 17.4.33205.214
MinimumVisualStudioVersion = 10.0.40219.1
Project("{FAE04EC0-301F-11D3-BF4B-00C04F79EFBC}") = "Entidades", "Entidades\Entidades.csproj", "{DD9CF0AE-4394-4625-B6F7-680C2B1B0747}"
EndProject
Project("{FAE04EC0-301F-11D3-BF4B-00C04F79EFBC}") = "Formularios", "Formularios\Formularios.csproj", "{D8E736A3-0185-472F-8B0C-0389F37561D5}"
EndProject
Global
	GlobalSection(SolutionConfigurationPlatforms) = preSolution
		Debug|Any CPU = Debug|Any CPU
		Release|Any CPU = Release|Any CPU
	EndGlobalSection
	GlobalSection(ProjectConfigurationPlatforms) = postSolution
		{DD9CF0AE-4394-4625-B6F7-680C2B1B0747}.Debug|Any CPU.ActiveCfg = Debug|Any CPU
		{DD9CF0AE-4394-4625-B6F7-680C2B1B0747}.Debug|Any CPU.Build.0 = Debug|Any CPU
		{DD9CF0AE-4394-4625-B6F7-680C2B1B0747}.Release|Any CPU.ActiveCfg = Release|Any CPU
		{DD9CF0AE-4394-4625-B6F7-680C2B1B0747}.Release|Any CPU.Build.0 = Release|Any CPU
		{D8E736A3-0185-472F-8B0C-0389F37561D5}.Debug|Any CPU.ActiveCfg = Debug|Any CPU
		{D8E736A3-0185-472F-8B0C-0389F37561D5}.Debug|Any CPU.Build.0 = Debug|Any CPU
		{D8E736A3-0185-472F-8B0C-0389F37561D5}.Release|Any CPU.ActiveCfg = Release|Any CPU
		{D8E736A3-0185-472F-8B0C-0389F37561D5}.Release|Any CPU.Build.0 = Release|Any CPU
	EndGlobalSection
	GlobalSection(SolutionProperties) = preSolution
		HideSolutionNode = FALSE
	EndGlobalSection
	GlobalSection(ExtensibilityGlobals) = postSolution
		SolutionGuid = {0DC6DC31-94C2-416C-B084-83E0B9C67F55}
	EndGlobalSection
EndGlobal
